// !$*UTF8*$!
{
	archiveVersion = 1;
	classes = {
	};
	objectVersion = 50;
	objects = {

/* Begin PBXBuildFile section */
		9916143B23E0F16F003672AC /* Pokemon.swift in Sources */ = {isa = PBXBuildFile; fileRef = 9916143A23E0F16F003672AC /* Pokemon.swift */; };
		9916143D23E0F6CE003672AC /* sample_pokemon.json in Resources */ = {isa = PBXBuildFile; fileRef = 9916143C23E0F6CD003672AC /* sample_pokemon.json */; };
		9916143F23E0F77E003672AC /* PokemonCard.swift in Sources */ = {isa = PBXBuildFile; fileRef = 9916143E23E0F77E003672AC /* PokemonCard.swift */; };
		9916144123E0F7D6003672AC /* Data.swift in Sources */ = {isa = PBXBuildFile; fileRef = 9916144023E0F7D6003672AC /* Data.swift */; };
		997B6AE523DD1360009BC70A /* AppDelegate.swift in Sources */ = {isa = PBXBuildFile; fileRef = 997B6AE423DD1360009BC70A /* AppDelegate.swift */; };
		997B6AE723DD1360009BC70A /* SceneDelegate.swift in Sources */ = {isa = PBXBuildFile; fileRef = 997B6AE623DD1360009BC70A /* SceneDelegate.swift */; };
		997B6AE923DD1360009BC70A /* ContentView.swift in Sources */ = {isa = PBXBuildFile; fileRef = 997B6AE823DD1360009BC70A /* ContentView.swift */; };
		997B6AEB23DD1369009BC70A /* Assets.xcassets in Resources */ = {isa = PBXBuildFile; fileRef = 997B6AEA23DD1369009BC70A /* Assets.xcassets */; };
		997B6AEE23DD1369009BC70A /* Preview Assets.xcassets in Resources */ = {isa = PBXBuildFile; fileRef = 997B6AED23DD1369009BC70A /* Preview Assets.xcassets */; };
		997B6AF123DD1369009BC70A /* LaunchScreen.storyboard in Resources */ = {isa = PBXBuildFile; fileRef = 997B6AEF23DD1369009BC70A /* LaunchScreen.storyboard */; };
		99CBCB6F23E38D8D0092AB2F /* PokemonColor.swift in Sources */ = {isa = PBXBuildFile; fileRef = 99CBCB6E23E38D8D0092AB2F /* PokemonColor.swift */; };
/* End PBXBuildFile section */

/* Begin PBXFileReference section */
		9916143A23E0F16F003672AC /* Pokemon.swift */ = {isa = PBXFileReference; lastKnownFileType = sourcecode.swift; path = Pokemon.swift; sourceTree = "<group>"; };
		9916143C23E0F6CD003672AC /* sample_pokemon.json */ = {isa = PBXFileReference; fileEncoding = 4; lastKnownFileType = text.json; path = sample_pokemon.json; sourceTree = "<group>"; };
		9916143E23E0F77E003672AC /* PokemonCard.swift */ = {isa = PBXFileReference; lastKnownFileType = sourcecode.swift; path = PokemonCard.swift; sourceTree = "<group>"; };
		9916144023E0F7D6003672AC /* Data.swift */ = {isa = PBXFileReference; lastKnownFileType = sourcecode.swift; path = Data.swift; sourceTree = "<group>"; };
		997B6AE123DD1360009BC70A /* Pokedex.app */ = {isa = PBXFileReference; explicitFileType = wrapper.application; includeInIndex = 0; path = Pokedex.app; sourceTree = BUILT_PRODUCTS_DIR; };
		997B6AE423DD1360009BC70A /* AppDelegate.swift */ = {isa = PBXFileReference; lastKnownFileType = sourcecode.swift; path = AppDelegate.swift; sourceTree = "<group>"; };
		997B6AE623DD1360009BC70A /* SceneDelegate.swift */ = {isa = PBXFileReference; lastKnownFileType = sourcecode.swift; path = SceneDelegate.swift; sourceTree = "<group>"; };
		997B6AE823DD1360009BC70A /* ContentView.swift */ = {isa = PBXFileReference; lastKnownFileType = sourcecode.swift; path = ContentView.swift; sourceTree = "<group>"; };
		997B6AEA23DD1369009BC70A /* Assets.xcassets */ = {isa = PBXFileReference; lastKnownFileType = folder.assetcatalog; path = Assets.xcassets; sourceTree = "<group>"; };
		997B6AED23DD1369009BC70A /* Preview Assets.xcassets */ = {isa = PBXFileReference; lastKnownFileType = folder.assetcatalog; path = "Preview Assets.xcassets"; sourceTree = "<group>"; };
		997B6AF023DD1369009BC70A /* Base */ = {isa = PBXFileReference; lastKnownFileType = file.storyboard; name = Base; path = Base.lproj/LaunchScreen.storyboard; sourceTree = "<group>"; };
		997B6AF223DD1369009BC70A /* Info.plist */ = {isa = PBXFileReference; lastKnownFileType = text.plist.xml; path = Info.plist; sourceTree = "<group>"; };
		99CBCB6E23E38D8D0092AB2F /* PokemonColor.swift */ = {isa = PBXFileReference; lastKnownFileType = sourcecode.swift; path = PokemonColor.swift; sourceTree = "<group>"; };
/* End PBXFileReference section */

/* Begin PBXFrameworksBuildPhase section */
		997B6ADE23DD1360009BC70A /* Frameworks */ = {
			isa = PBXFrameworksBuildPhase;
			buildActionMask = 2147483647;
			files = (
			);
			runOnlyForDeploymentPostprocessing = 0;
		};
/* End PBXFrameworksBuildPhase section */

/* Begin PBXGroup section */
		997B6AD823DD1360009BC70A = {
			isa = PBXGroup;
			children = (
				997B6AE323DD1360009BC70A /* Pokedex */,
				997B6AE223DD1360009BC70A /* Products */,
			);
			sourceTree = "<group>";
		};
		997B6AE223DD1360009BC70A /* Products */ = {
			isa = PBXGroup;
			children = (
				997B6AE123DD1360009BC70A /* Pokedex.app */,
			);
			name = Products;
			sourceTree = "<group>";
		};
		997B6AE323DD1360009BC70A /* Pokedex */ = {
			isa = PBXGroup;
			children = (
				997B6AE423DD1360009BC70A /* AppDelegate.swift */,
				997B6AE623DD1360009BC70A /* SceneDelegate.swift */,
				997B6AE823DD1360009BC70A /* ContentView.swift */,
				9916144023E0F7D6003672AC /* Data.swift */,
				9916143A23E0F16F003672AC /* Pokemon.swift */,
				99CBCB6E23E38D8D0092AB2F /* PokemonColor.swift */,
				9916143E23E0F77E003672AC /* PokemonCard.swift */,
				997B6AEA23DD1369009BC70A /* Assets.xcassets */,
				997B6AEF23DD1369009BC70A /* LaunchScreen.storyboard */,
				997B6AF223DD1369009BC70A /* Info.plist */,
				9916143C23E0F6CD003672AC /* sample_pokemon.json */,
				997B6AEC23DD1369009BC70A /* Preview Content */,
			);
			path = Pokedex;
			sourceTree = "<group>";
		};
		997B6AEC23DD1369009BC70A /* Preview Content */ = {
			isa = PBXGroup;
			children = (
				997B6AED23DD1369009BC70A /* Preview Assets.xcassets */,
			);
			path = "Preview Content";
			sourceTree = "<group>";
		};
/* End PBXGroup section */

/* Begin PBXNativeTarget section */
		997B6AE023DD1360009BC70A /* Pokedex */ = {
			isa = PBXNativeTarget;
			buildConfigurationList = 997B6AF523DD1369009BC70A /* Build configuration list for PBXNativeTarget "Pokedex" */;
			buildPhases = (
				997B6ADD23DD1360009BC70A /* Sources */,
				997B6ADE23DD1360009BC70A /* Frameworks */,
				997B6ADF23DD1360009BC70A /* Resources */,
			);
			buildRules = (
			);
			dependencies = (
			);
			name = Pokedex;
			productName = Pokedex;
			productReference = 997B6AE123DD1360009BC70A /* Pokedex.app */;
			productType = "com.apple.product-type.application";
		};
/* End PBXNativeTarget section */

/* Begin PBXProject section */
		997B6AD923DD1360009BC70A /* Project object */ = {
			isa = PBXProject;
			attributes = {
				LastSwiftUpdateCheck = 1130;
				LastUpgradeCheck = 1130;
				ORGANIZATIONNAME = "Ricardo González Castillo";
				TargetAttributes = {
					997B6AE023DD1360009BC70A = {
						CreatedOnToolsVersion = 11.3.1;
					};
				};
			};
			buildConfigurationList = 997B6ADC23DD1360009BC70A /* Build configuration list for PBXProject "Pokedex" */;
			compatibilityVersion = "Xcode 9.3";
			developmentRegion = en;
			hasScannedForEncodings = 0;
			knownRegions = (
				en,
				Base,
			);
			mainGroup = 997B6AD823DD1360009BC70A;
			productRefGroup = 997B6AE223DD1360009BC70A /* Products */;
			projectDirPath = "";
			projectRoot = "";
			targets = (
				997B6AE023DD1360009BC70A /* Pokedex */,
			);
		};
/* End PBXProject section */

/* Begin PBXResourcesBuildPhase section */
		997B6ADF23DD1360009BC70A /* Resources */ = {
			isa = PBXResourcesBuildPhase;
			buildActionMask = 2147483647;
			files = (
				997B6AF123DD1369009BC70A /* LaunchScreen.storyboard in Resources */,
				9916143D23E0F6CE003672AC /* sample_pokemon.json in Resources */,
				997B6AEE23DD1369009BC70A /* Preview Assets.xcassets in Resources */,
				997B6AEB23DD1369009BC70A /* Assets.xcassets in Resources */,
			);
			runOnlyForDeploymentPostprocessing = 0;
		};
/* End PBXResourcesBuildPhase section */

/* Begin PBXSourcesBuildPhase section */
		997B6ADD23DD1360009BC70A /* Sources */ = {
			isa = PBXSourcesBuildPhase;
			buildActionMask = 2147483647;
			files = (
				997B6AE523DD1360009BC70A /* AppDelegate.swift in Sources */,
				99CBCB6F23E38D8D0092AB2F /* PokemonColor.swift in Sources */,
				9916144123E0F7D6003672AC /* Data.swift in Sources */,
				9916143F23E0F77E003672AC /* PokemonCard.swift in Sources */,
				9916143B23E0F16F003672AC /* Pokemon.swift in Sources */,
				997B6AE723DD1360009BC70A /* SceneDelegate.swift in Sources */,
				997B6AE923DD1360009BC70A /* ContentView.swift in Sources */,
			);
			runOnlyForDeploymentPostprocessing = 0;
		};
/* End PBXSourcesBuildPhase section */

/* Begin PBXVariantGroup section */
		997B6AEF23DD1369009BC70A /* LaunchScreen.storyboard */ = {
			isa = PBXVariantGroup;
			children = (
				997B6AF023DD1369009BC70A /* Base */,
			);
			name = LaunchScreen.storyboard;
			sourceTree = "<group>";
		};
/* End PBXVariantGroup section */

/* Begin XCBuildConfiguration section */
		997B6AF323DD1369009BC70A /* Debug */ = {
			isa = XCBuildConfiguration;
			buildSettings = {
				ALWAYS_SEARCH_USER_PATHS = NO;
				CLANG_ANALYZER_NONNULL = YES;
				CLANG_ANALYZER_NUMBER_OBJECT_CONVERSION = YES_AGGRESSIVE;
				CLANG_CXX_LANGUAGE_STANDARD = "gnu++14";
				CLANG_CXX_LIBRARY = "libc++";
				CLANG_ENABLE_MODULES = YES;
				CLANG_ENABLE_OBJC_ARC = YES;
				CLANG_ENABLE_OBJC_WEAK = YES;
				CLANG_WARN_BLOCK_CAPTURE_AUTORELEASING = YES;
				CLANG_WARN_BOOL_CONVERSION = YES;
				CLANG_WARN_COMMA = YES;
				CLANG_WARN_CONSTANT_CONVERSION = YES;
				CLANG_WARN_DEPRECATED_OBJC_IMPLEMENTATIONS = YES;
				CLANG_WARN_DIRECT_OBJC_ISA_USAGE = YES_ERROR;
				CLANG_WARN_DOCUMENTATION_COMMENTS = YES;
				CLANG_WARN_EMPTY_BODY = YES;
				CLANG_WARN_ENUM_CONVERSION = YES;
				CLANG_WARN_INFINITE_RECURSION = YES;
				CLANG_WARN_INT_CONVERSION = YES;
				CLANG_WARN_NON_LITERAL_NULL_CONVERSION = YES;
				CLANG_WARN_OBJC_IMPLICIT_RETAIN_SELF = YES;
				CLANG_WARN_OBJC_LITERAL_CONVERSION = YES;
				CLANG_WARN_OBJC_ROOT_CLASS = YES_ERROR;
				CLANG_WARN_RANGE_LOOP_ANALYSIS = YES;
				CLANG_WARN_STRICT_PROTOTYPES = YES;
				CLANG_WARN_SUSPICIOUS_MOVE = YES;
				CLANG_WARN_UNGUARDED_AVAILABILITY = YES_AGGRESSIVE;
				CLANG_WARN_UNREACHABLE_CODE = YES;
				CLANG_WARN__DUPLICATE_METHOD_MATCH = YES;
				COPY_PHASE_STRIP = NO;
				DEBUG_INFORMATION_FORMAT = dwarf;
				ENABLE_STRICT_OBJC_MSGSEND = YES;
				ENABLE_TESTABILITY = YES;
				GCC_C_LANGUAGE_STANDARD = gnu11;
				GCC_DYNAMIC_NO_PIC = NO;
				GCC_NO_COMMON_BLOCKS = YES;
				GCC_OPTIMIZATION_LEVEL = 0;
				GCC_PREPROCESSOR_DEFINITIONS = (
					"DEBUG=1",
					"$(inherited)",
				);
				GCC_WARN_64_TO_32_BIT_CONVERSION = YES;
				GCC_WARN_ABOUT_RETURN_TYPE = YES_ERROR;
				GCC_WARN_UNDECLARED_SELECTOR = YES;
				GCC_WARN_UNINITIALIZED_AUTOS = YES_AGGRESSIVE;
				GCC_WARN_UNUSED_FUNCTION = YES;
				GCC_WARN_UNUSED_VARIABLE = YES;
				IPHONEOS_DEPLOYMENT_TARGET = 13.2;
				MTL_ENABLE_DEBUG_INFO = INCLUDE_SOURCE;
				MTL_FAST_MATH = YES;
				ONLY_ACTIVE_ARCH = YES;
				SDKROOT = iphoneos;
				SWIFT_ACTIVE_COMPILATION_CONDITIONS = DEBUG;
				SWIFT_OPTIMIZATION_LEVEL = "-Onone";
			};
			name = Debug;
		};
		997B6AF423DD1369009BC70A /* Release */ = {
			isa = XCBuildConfiguration;
			buildSettings = {
				ALWAYS_SEARCH_USER_PATHS = NO;
				CLANG_ANALYZER_NONNULL = YES;
				CLANG_ANALYZER_NUMBER_OBJECT_CONVERSION = YES_AGGRESSIVE;
				CLANG_CXX_LANGUAGE_STANDARD = "gnu++14";
				CLANG_CXX_LIBRARY = "libc++";
				CLANG_ENABLE_MODULES = YES;
				CLANG_ENABLE_OBJC_ARC = YES;
				CLANG_ENABLE_OBJC_WEAK = YES;
				CLANG_WARN_BLOCK_CAPTURE_AUTORELEASING = YES;
				CLANG_WARN_BOOL_CONVERSION = YES;
				CLANG_WARN_COMMA = YES;
				CLANG_WARN_CONSTANT_CONVERSION = YES;
				CLANG_WARN_DEPRECATED_OBJC_IMPLEMENTATIONS = YES;
				CLANG_WARN_DIRECT_OBJC_ISA_USAGE = YES_ERROR;
				CLANG_WARN_DOCUMENTATION_COMMENTS = YES;
				CLANG_WARN_EMPTY_BODY = YES;
				CLANG_WARN_ENUM_CONVERSION = YES;
				CLANG_WARN_INFINITE_RECURSION = YES;
				CLANG_WARN_INT_CONVERSION = YES;
				CLANG_WARN_NON_LITERAL_NULL_CONVERSION = YES;
				CLANG_WARN_OBJC_IMPLICIT_RETAIN_SELF = YES;
				CLANG_WARN_OBJC_LITERAL_CONVERSION = YES;
				CLANG_WARN_OBJC_ROOT_CLASS = YES_ERROR;
				CLANG_WARN_RANGE_LOOP_ANALYSIS = YES;
				CLANG_WARN_STRICT_PROTOTYPES = YES;
				CLANG_WARN_SUSPICIOUS_MOVE = YES;
				CLANG_WARN_UNGUARDED_AVAILABILITY = YES_AGGRESSIVE;
				CLANG_WARN_UNREACHABLE_CODE = YES;
				CLANG_WARN__DUPLICATE_METHOD_MATCH = YES;
				COPY_PHASE_STRIP = NO;
				DEBUG_INFORMATION_FORMAT = "dwarf-with-dsym";
				ENABLE_NS_ASSERTIONS = NO;
				ENABLE_STRICT_OBJC_MSGSEND = YES;
				GCC_C_LANGUAGE_STANDARD = gnu11;
				GCC_NO_COMMON_BLOCKS = YES;
				GCC_WARN_64_TO_32_BIT_CONVERSION = YES;
				GCC_WARN_ABOUT_RETURN_TYPE = YES_ERROR;
				GCC_WARN_UNDECLARED_SELECTOR = YES;
				GCC_WARN_UNINITIALIZED_AUTOS = YES_AGGRESSIVE;
				GCC_WARN_UNUSED_FUNCTION = YES;
				GCC_WARN_UNUSED_VARIABLE = YES;
				IPHONEOS_DEPLOYMENT_TARGET = 13.2;
				MTL_ENABLE_DEBUG_INFO = NO;
				MTL_FAST_MATH = YES;
				SDKROOT = iphoneos;
				SWIFT_COMPILATION_MODE = wholemodule;
				SWIFT_OPTIMIZATION_LEVEL = "-O";
				VALIDATE_PRODUCT = YES;
			};
			name = Release;
		};
		997B6AF623DD1369009BC70A /* Debug */ = {
			isa = XCBuildConfiguration;
			buildSettings = {
				ASSETCATALOG_COMPILER_APPICON_NAME = AppIcon;
				CODE_SIGN_STYLE = Automatic;
				DEVELOPMENT_ASSET_PATHS = "\"Pokedex/Preview Content\"";
				DEVELOPMENT_TEAM = TB2V95P7U7;
				ENABLE_PREVIEWS = YES;
				INFOPLIST_FILE = Pokedex/Info.plist;
				LD_RUNPATH_SEARCH_PATHS = (
					"$(inherited)",
					"@executable_path/Frameworks",
				);
				PRODUCT_BUNDLE_IDENTIFIER = RicCorp.Pokedex;
				PRODUCT_NAME = "$(TARGET_NAME)";
				SWIFT_VERSION = 5.0;
				TARGETED_DEVICE_FAMILY = "1,2";
			};
			name = Debug;
		};
		997B6AF723DD1369009BC70A /* Release */ = {
			isa = XCBuildConfiguration;
			buildSettings = {
				ASSETCATALOG_COMPILER_APPICON_NAME = AppIcon;
				CODE_SIGN_STYLE = Automatic;
				DEVELOPMENT_ASSET_PATHS = "\"Pokedex/Preview Content\"";
				DEVELOPMENT_TEAM = TB2V95P7U7;
				ENABLE_PREVIEWS = YES;
				INFOPLIST_FILE = Pokedex/Info.plist;
				LD_RUNPATH_SEARCH_PATHS = (
					"$(inherited)",
					"@executable_path/Frameworks",
				);
				PRODUCT_BUNDLE_IDENTIFIER = RicCorp.Pokedex;
				PRODUCT_NAME = "$(TARGET_NAME)";
				SWIFT_VERSION = 5.0;
				TARGETED_DEVICE_FAMILY = "1,2";
			};
			name = Release;
		};
/* End XCBuildConfiguration section */

/* Begin XCConfigurationList section */
		997B6ADC23DD1360009BC70A /* Build configuration list for PBXProject "Pokedex" */ = {
			isa = XCConfigurationList;
			buildConfigurations = (
				997B6AF323DD1369009BC70A /* Debug */,
				997B6AF423DD1369009BC70A /* Release */,
			);
			defaultConfigurationIsVisible = 0;
			defaultConfigurationName = Release;
		};
		997B6AF523DD1369009BC70A /* Build configuration list for PBXNativeTarget "Pokedex" */ = {
			isa = XCConfigurationList;
			buildConfigurations = (
				997B6AF623DD1369009BC70A /* Debug */,
				997B6AF723DD1369009BC70A /* Release */,
			);
			defaultConfigurationIsVisible = 0;
			defaultConfigurationName = Release;
		};
/* End XCConfigurationList section */
	};
	rootObject = 997B6AD923DD1360009BC70A /* Project object */;
}
